{
  "name": "population-api",
  "version": "1.0.0",
  "lockfileVersion": 1,
  "requires": true,
  "dependencies": {
    "@apollo/protobufjs": {
      "version": "1.2.2",
      "resolved": "https://registry.npmjs.org/@apollo/protobufjs/-/protobufjs-1.2.2.tgz",
      "integrity": "sha512-vF+zxhPiLtkwxONs6YanSt1EpwpGilThpneExUN5K3tCymuxNnVq2yojTvnpRjv2QfsEIt/n7ozPIIzBLwGIDQ==",
      "requires": {
        "@protobufjs/aspromise": "^1.1.2",
        "@protobufjs/base64": "^1.1.2",
        "@protobufjs/codegen": "^2.0.4",
        "@protobufjs/eventemitter": "^1.1.0",
        "@protobufjs/fetch": "^1.1.0",
        "@protobufjs/float": "^1.0.2",
        "@protobufjs/inquire": "^1.1.0",
        "@protobufjs/path": "^1.1.2",
        "@protobufjs/pool": "^1.1.0",
        "@protobufjs/utf8": "^1.1.0",
        "@types/long": "^4.0.0",
        "@types/node": "^10.1.0",
        "long": "^4.0.0"
      }
    },
    "@apollographql/apollo-tools": {
      "version": "0.5.1",
      "resolved": "https://registry.npmjs.org/@apollographql/apollo-tools/-/apollo-tools-0.5.1.tgz",
      "integrity": "sha512-ZII+/xUFfb9ezDU2gad114+zScxVFMVlZ91f8fGApMzlS1kkqoyLnC4AJaQ1Ya/X+b63I20B4Gd+eCL8QuB4sA=="
    },
    "@apollographql/graphql-playground-html": {
      "version": "1.6.29",
      "resolved": "https://registry.npmjs.org/@apollographql/graphql-playground-html/-/graphql-playground-html-1.6.29.tgz",
      "integrity": "sha512-xCcXpoz52rI4ksJSdOCxeOCn2DLocxwHf9dVT/Q90Pte1LX+LY+91SFtJF3KXVHH8kEin+g1KKCQPKBjZJfWNA==",
      "requires": {
        "xss": "^1.0.8"
      }
    },
    "@graphql-tools/merge": {
      "version": "8.1.2",
      "resolved": "https://registry.npmjs.org/@graphql-tools/merge/-/merge-8.1.2.tgz",
      "integrity": "sha512-kFLd4kKNJXYXnKIhM8q9zgGAtbLmsy3WmGdDxYq3YHBJUogucAxnivQYyRIseUq37KGmSAIWu3pBQ23TKGsGOw==",
      "requires": {
        "@graphql-tools/utils": "^8.2.2",
        "tslib": "~2.3.0"
      }
    },
    "@graphql-tools/mock": {
      "version": "8.4.0",
      "resolved": "https://registry.npmjs.org/@graphql-tools/mock/-/mock-8.4.0.tgz",
      "integrity": "sha512-RKcqmw7P5pC2ULh2/kg/erxxsd7lEV/wnI5jNgahkCw8wiSC8OI3SwNMwjfrlpYogs7eEhiXi7Ix6abCiFUURw==",
      "requires": {
        "@graphql-tools/schema": "^8.2.0",
        "@graphql-tools/utils": "^8.2.3",
        "fast-json-stable-stringify": "^2.1.0",
        "tslib": "~2.3.0"
      }
    },
    "@graphql-tools/schema": {
      "version": "8.2.0",
      "resolved": "https://registry.npmjs.org/@graphql-tools/schema/-/schema-8.2.0.tgz",
      "integrity": "sha512-ufmI5mJQa8NJczzfkh0pUttKvspqDcT5LLakA3jUmOrrE4d4NVj6onZlazdTzF5sAepSNqanFnwhrxZpCAJMKg==",
      "requires": {
        "@graphql-tools/merge": "^8.1.0",
        "@graphql-tools/utils": "^8.2.0",
        "tslib": "~2.3.0",
        "value-or-promise": "1.0.10"
      }
    },
    "@graphql-tools/utils": {
      "version": "8.3.0",
      "resolved": "https://registry.npmjs.org/@graphql-tools/utils/-/utils-8.3.0.tgz",
      "integrity": "sha512-ksE0RxS0AFllo6KIJjvQsRgcUAzoyZUgUrDbCngv4SaQwyX9YxTfddTLN4uQmbiZB9h25fPp/Xgeyaa3ARCzgg==",
      "requires": {
        "tslib": "~2.3.0"
      }
    },
    "@hapi/accept": {
      "version": "5.0.2",
      "resolved": "https://registry.npmjs.org/@hapi/accept/-/accept-5.0.2.tgz",
      "integrity": "sha512-CmzBx/bXUR8451fnZRuZAJRlzgm0Jgu5dltTX/bszmR2lheb9BpyN47Q1RbaGTsvFzn0PXAEs+lXDKfshccYZw==",
      "requires": {
        "@hapi/boom": "9.x.x",
        "@hapi/hoek": "9.x.x"
      }
    },
    "@hapi/boom": {
      "version": "9.1.4",
      "resolved": "https://registry.npmjs.org/@hapi/boom/-/boom-9.1.4.tgz",
      "integrity": "sha512-Ls1oH8jaN1vNsqcaHVYJrKmgMcKsC1wcp8bujvXrHaAqD2iDYq3HoOwsxwo09Cuda5R5nC0o0IxlrlTuvPuzSw==",
      "requires": {
        "@hapi/hoek": "9.x.x"
      }
    },
    "@hapi/hoek": {
      "version": "9.2.1",
      "resolved": "https://registry.npmjs.org/@hapi/hoek/-/hoek-9.2.1.tgz",
      "integrity": "sha512-gfta+H8aziZsm8pZa0vj04KO6biEiisppNgA1kbJvFrrWu9Vm7eaUEy76DIxsuTaWvti5fkJVhllWc6ZTE+Mdw=="
    },
    "@josephg/resolvable": {
      "version": "1.0.1",
      "resolved": "https://registry.npmjs.org/@josephg/resolvable/-/resolvable-1.0.1.tgz",
      "integrity": "sha512-CtzORUwWTTOTqfVtHaKRJ0I1kNQd1bpn3sUh8I3nJDVY+5/M/Oe1DnEWzPQvqq/xPIIkzzzIP7mfCoAjFRvDhg=="
    },
    "@protobufjs/aspromise": {
      "version": "1.1.2",
      "resolved": "https://registry.npmjs.org/@protobufjs/aspromise/-/aspromise-1.1.2.tgz",
      "integrity": "sha1-m4sMxmPWaafY9vXQiToU00jzD78="
    },
    "@protobufjs/base64": {
      "version": "1.1.2",
      "resolved": "https://registry.npmjs.org/@protobufjs/base64/-/base64-1.1.2.tgz",
      "integrity": "sha512-AZkcAA5vnN/v4PDqKyMR5lx7hZttPDgClv83E//FMNhR2TMcLUhfRUBHCmSl0oi9zMgDDqRUJkSxO3wm85+XLg=="
    },
    "@protobufjs/codegen": {
      "version": "2.0.4",
      "resolved": "https://registry.npmjs.org/@protobufjs/codegen/-/codegen-2.0.4.tgz",
      "integrity": "sha512-YyFaikqM5sH0ziFZCN3xDC7zeGaB/d0IUb9CATugHWbd1FRFwWwt4ld4OYMPWu5a3Xe01mGAULCdqhMlPl29Jg=="
    },
    "@protobufjs/eventemitter": {
      "version": "1.1.0",
      "resolved": "https://registry.npmjs.org/@protobufjs/eventemitter/-/eventemitter-1.1.0.tgz",
      "integrity": "sha1-NVy8mLr61ZePntCV85diHx0Ga3A="
    },
    "@protobufjs/fetch": {
      "version": "1.1.0",
      "resolved": "https://registry.npmjs.org/@protobufjs/fetch/-/fetch-1.1.0.tgz",
      "integrity": "sha1-upn7WYYUr2VwDBYZ/wbUVLDYTEU=",
      "requires": {
        "@protobufjs/aspromise": "^1.1.1",
        "@protobufjs/inquire": "^1.1.0"
      }
    },
    "@protobufjs/float": {
      "version": "1.0.2",
      "resolved": "https://registry.npmjs.org/@protobufjs/float/-/float-1.0.2.tgz",
      "integrity": "sha1-Xp4avctz/Ap8uLKR33jIy9l7h9E="
    },
    "@protobufjs/inquire": {
      "version": "1.1.0",
      "resolved": "https://registry.npmjs.org/@protobufjs/inquire/-/inquire-1.1.0.tgz",
      "integrity": "sha1-/yAOPnzyQp4tyvwRQIKOjMY48Ik="
    },
    "@protobufjs/path": {
      "version": "1.1.2",
      "resolved": "https://registry.npmjs.org/@protobufjs/path/-/path-1.1.2.tgz",
      "integrity": "sha1-bMKyDFya1q0NzP0hynZz2Nf79o0="
    },
    "@protobufjs/pool": {
      "version": "1.1.0",
      "resolved": "https://registry.npmjs.org/@protobufjs/pool/-/pool-1.1.0.tgz",
      "integrity": "sha1-Cf0V8tbTq/qbZbw2ZQbWrXhG/1Q="
    },
    "@protobufjs/utf8": {
      "version": "1.1.0",
      "resolved": "https://registry.npmjs.org/@protobufjs/utf8/-/utf8-1.1.0.tgz",
      "integrity": "sha1-p3c2C1s5oaLlEG+OhY8v0tBgxXA="
    },
    "@types/long": {
      "version": "4.0.1",
      "resolved": "https://registry.npmjs.org/@types/long/-/long-4.0.1.tgz",
      "integrity": "sha512-5tXH6Bx/kNGd3MgffdmP4dy2Z+G4eaXw0SE81Tq3BNadtnMR5/ySMzX4SLEzHJzSmPNn4HIdpQsBvXMUykr58w=="
    },
    "@types/node": {
      "version": "10.17.60",
      "resolved": "https://registry.npmjs.org/@types/node/-/node-10.17.60.tgz",
      "integrity": "sha512-F0KIgDJfy2nA3zMLmWGKxcH2ZVEtCZXHHdOQs2gSaQ27+lNeEfGxzkIw90aXswATX7AZ33tahPbzy6KAfUreVw=="
    },
    "apollo-datasource": {
      "version": "3.2.0",
      "resolved": "https://registry.npmjs.org/apollo-datasource/-/apollo-datasource-3.2.0.tgz",
      "integrity": "sha512-2PK+p6dRFuQQM8F4JbBivGetnJxvb8ggQkY7XLeCSl4qVkBeBjX+mRtsiudk28NUTH3JEll7AgmKj2fHfxYpGQ==",
      "requires": {
        "apollo-server-caching": "^3.2.0",
        "apollo-server-env": "^4.1.0"
      }
    },
    "apollo-graphql": {
      "version": "0.9.3",
      "resolved": "https://registry.npmjs.org/apollo-graphql/-/apollo-graphql-0.9.3.tgz",
      "integrity": "sha512-rcAl2E841Iko4kSzj4Pt3PRBitmyq1MvoEmpl04TQSpGnoVgl1E/ZXuLBYxMTSnEAm7umn2IsoY+c6Ll9U/10A==",
      "requires": {
        "core-js-pure": "^3.10.2",
        "lodash.sortby": "^4.7.0",
        "sha.js": "^2.4.11"
      }
    },
    "apollo-reporting-protobuf": {
      "version": "3.1.0",
      "resolved": "https://registry.npmjs.org/apollo-reporting-protobuf/-/apollo-reporting-protobuf-3.1.0.tgz",
      "integrity": "sha512-IP7SHrTQEGc1/RYzOihfcLLF56ALxxORywJj5ba/p1SX99y+Stt+6D5+3DA7XFF00C1BhXkIU+EkFHzPmypz0w==",
      "requires": {
        "@apollo/protobufjs": "1.2.2"
      }
    },
    "apollo-server-caching": {
      "version": "3.2.0",
      "resolved": "https://registry.npmjs.org/apollo-server-caching/-/apollo-server-caching-3.2.0.tgz",
      "integrity": "sha512-kR92WjoQVe1Z/EXyh365w6Vz8egkRCKmd3mE7KJvKgk+f0+AGO1LPPrez5IhbCXxAgChqzpHhq2FIyfOqEuLFQ==",
      "requires": {
        "lru-cache": "^6.0.0"
      }
    },
    "apollo-server-core": {
      "version": "3.4.0",
      "resolved": "https://registry.npmjs.org/apollo-server-core/-/apollo-server-core-3.4.0.tgz",
      "integrity": "sha512-CbQTgoeijCdfaTFq3DHBrnWtat1M/SlPxS365iy2fb2/p4zbYatOA/S0RON7PMGp2gcMnopvOtokJIOxbNN/YA==",
      "requires": {
        "@apollographql/apollo-tools": "^0.5.1",
        "@apollographql/graphql-playground-html": "1.6.29",
        "@graphql-tools/mock": "^8.1.2",
        "@graphql-tools/schema": "^8.0.0",
        "@graphql-tools/utils": "^8.0.0",
        "@josephg/resolvable": "^1.0.0",
        "apollo-datasource": "^3.2.0",
        "apollo-graphql": "^0.9.0",
        "apollo-reporting-protobuf": "^3.1.0",
        "apollo-server-caching": "^3.2.0",
        "apollo-server-env": "^4.1.0",
        "apollo-server-errors": "^3.2.0",
        "apollo-server-plugin-base": "^3.3.0",
        "apollo-server-types": "^3.3.0",
        "async-retry": "^1.2.1",
        "fast-json-stable-stringify": "^2.1.0",
        "graphql-tag": "^2.11.0",
        "loglevel": "^1.6.8",
        "lru-cache": "^6.0.0",
        "sha.js": "^2.4.11",
        "uuid": "^8.0.0"
      }
    },
    "apollo-server-env": {
      "version": "4.1.0",
      "resolved": "https://registry.npmjs.org/apollo-server-env/-/apollo-server-env-4.1.0.tgz",
      "integrity": "sha512-pJIqIN7UXYDHcNY/IRi7H9AvdV+aHi96gv/nPmnLsP/LbWMJvMuQY3jQ2obW0P+rO3bx05oYHLsVjwHHaXlEQA==",
      "requires": {
        "node-fetch": "^2.6.1"
      }
    },
    "apollo-server-errors": {
      "version": "3.2.0",
      "resolved": "https://registry.npmjs.org/apollo-server-errors/-/apollo-server-errors-3.2.0.tgz",
      "integrity": "sha512-Y7YH3JVAaR1199ao4dae3j1UrF9D/6AJwHpsORTjI3BvrwjU1X7Nk1VvEHn9bZfZF6ONaqUM+uCLm5c8GPhffQ=="
    },
    "apollo-server-micro": {
      "version": "3.4.0",
      "resolved": "https://registry.npmjs.org/apollo-server-micro/-/apollo-server-micro-3.4.0.tgz",
      "integrity": "sha512-Q3AiT3sT8LdisTV7GHPSvSZj/m0YmqRL4DwAe8Wf2p1VXe8tlUR+mqSNCsfQjXsBXSTQ8GuGIEpUuAzEaaus/w==",
      "requires": {
        "@hapi/accept": "^5.0.2",
        "apollo-server-core": "^3.4.0",
        "apollo-server-types": "^3.3.0",
        "type-is": "^1.6.18"
      }
    },
    "apollo-server-plugin-base": {
      "version": "3.3.0",
      "resolved": "https://registry.npmjs.org/apollo-server-plugin-base/-/apollo-server-plugin-base-3.3.0.tgz",
      "integrity": "sha512-4a4KpePhoU9FAIN2YjWm1Cfl7Y3AyRXLH8ZncSRCDcQFWww8gc/ZGqWZ+udRo4ejKvzLjnTwVyxfrd80sf9sHw==",
      "requires": {
        "apollo-server-types": "^3.3.0"
      }
    },
    "apollo-server-types": {
      "version": "3.3.0",
      "resolved": "https://registry.npmjs.org/apollo-server-types/-/apollo-server-types-3.3.0.tgz",
      "integrity": "sha512-m+GyuXyuZ7YdZO1NIMJdJoOKsocCPx/WRVzBjDegYxNcAa/lDvNYU3hFyX87UGXt8Xsd9VIHxdhO88S6jkgCmw==",
      "requires": {
        "apollo-reporting-protobuf": "^3.1.0",
        "apollo-server-caching": "^3.2.0",
        "apollo-server-env": "^4.1.0"
      }
    },
    "arg": {
      "version": "4.1.0",
      "resolved": "https://registry.npmjs.org/arg/-/arg-4.1.0.tgz",
      "integrity": "sha512-ZWc51jO3qegGkVh8Hwpv636EkbesNV5ZNQPCtRa+0qytRYPEs9IYT9qITY9buezqUH5uqyzlWLcufrzU2rffdg=="
    },
    "async-retry": {
      "version": "1.3.3",
      "resolved": "https://registry.npmjs.org/async-retry/-/async-retry-1.3.3.tgz",
      "integrity": "sha512-wfr/jstw9xNi/0teMHrRW7dsz3Lt5ARhYNZ2ewpadnhaIp5mbALhOAP+EAdsC7t4Z6wqsDVv9+W6gm1Dk9mEyw==",
      "requires": {
        "retry": "0.13.1"
      }
    },
    "bytes": {
      "version": "3.0.0",
      "resolved": "https://registry.npmjs.org/bytes/-/bytes-3.0.0.tgz",
      "integrity": "sha1-0ygVQE1olpn4Wk6k+odV3ROpYEg="
    },
    "commander": {
      "version": "2.20.3",
      "resolved": "https://registry.npmjs.org/commander/-/commander-2.20.3.tgz",
      "integrity": "sha512-GpVkmM8vF2vQUkj2LvZmD35JxeJOLCwJ9cUkugyk2nuhbv3+mJvpLYYt+0+USMxE+oj+ey/lJEnhZw75x/OMcQ=="
    },
    "content-type": {
      "version": "1.0.4",
      "resolved": "https://registry.npmjs.org/content-type/-/content-type-1.0.4.tgz",
      "integrity": "sha512-hIP3EEPs8tB9AT1L+NUqtwOAps4mk2Zob89MWXMHjHWg9milF/j4osnnQLXBCBFBk/tvIG/tUc9mOUJiPBhPXA=="
    },
    "core-js-pure": {
      "version": "3.18.3",
      "resolved": "https://registry.npmjs.org/core-js-pure/-/core-js-pure-3.18.3.tgz",
      "integrity": "sha512-qfskyO/KjtbYn09bn1IPkuhHl5PlJ6IzJ9s9sraJ1EqcuGyLGKzhSM1cY0zgyL9hx42eulQLZ6WaeK5ycJCkqw=="
    },
    "cssfilter": {
      "version": "0.0.10",
      "resolved": "https://registry.npmjs.org/cssfilter/-/cssfilter-0.0.10.tgz",
      "integrity": "sha1-xtJnJjKi5cg+AT5oZKQs6N79IK4="
    },
    "depd": {
      "version": "1.1.1",
      "resolved": "https://registry.npmjs.org/depd/-/depd-1.1.1.tgz",
      "integrity": "sha1-V4O04cRZ8G+lyif5kfPQbnoxA1k="
    },
    "fast-json-stable-stringify": {
      "version": "2.1.0",
      "resolved": "https://registry.npmjs.org/fast-json-stable-stringify/-/fast-json-stable-stringify-2.1.0.tgz",
      "integrity": "sha512-lhd/wF+Lk98HZoTCtlVraHtfh5XYijIjalXck7saUtuanSDyLMxnHhSXEDJqHxD7msR8D0uCmqlkwjCV8xvwHw=="
    },
    "graphql": {
      "version": "15.6.1",
      "resolved": "https://registry.npmjs.org/graphql/-/graphql-15.6.1.tgz",
      "integrity": "sha512-3i5lu0z6dRvJ48QP9kFxBkJ7h4Kso7PS8eahyTFz5Jm6CvQfLtNIE8LX9N6JLnXTuwR+sIYnXzaWp6anOg0QQw=="
    },
    "graphql-tag": {
      "version": "2.12.5",
      "resolved": "https://registry.npmjs.org/graphql-tag/-/graphql-tag-2.12.5.tgz",
      "integrity": "sha512-5xNhP4063d16Pz3HBtKprutsPrmHZi5IdUGOWRxA2B6VF7BIRGOHZ5WQvDmJXZuPcBg7rYwaFxvQYjqkSdR3TQ==",
      "requires": {
        "tslib": "^2.1.0"
      }
    },
    "http-errors": {
      "version": "1.6.2",
      "resolved": "https://registry.npmjs.org/http-errors/-/http-errors-1.6.2.tgz",
      "integrity": "sha1-CgAsyFcHGSp+eUbO7cERVfYOxzY=",
      "requires": {
        "depd": "1.1.1",
        "inherits": "2.0.3",
        "setprototypeof": "1.0.3",
        "statuses": ">= 1.3.1 < 2"
      },
      "dependencies": {
        "inherits": {
          "version": "2.0.3",
          "resolved": "https://registry.npmjs.org/inherits/-/inherits-2.0.3.tgz",
          "integrity": "sha1-Yzwsg+PaQqUC9SRmAiSA9CCCYd4="
        }
      }
    },
    "iconv-lite": {
      "version": "0.4.19",
      "resolved": "https://registry.npmjs.org/iconv-lite/-/iconv-lite-0.4.19.tgz",
      "integrity": "sha512-oTZqweIP51xaGPI4uPa56/Pri/480R+mo7SeU+YETByQNhDG55ycFyNLIgta9vXhILrxXDmF7ZGhqZIcuN0gJQ=="
    },
    "inherits": {
      "version": "2.0.4",
      "resolved": "https://registry.npmjs.org/inherits/-/inherits-2.0.4.tgz",
      "integrity": "sha512-k/vGaX4/Yla3WzyMCvTQOXYeIHvqOKtnqBduzTHpzpQZzAskKMhZ2K+EnBiSM9zGSoIFeMpXKxa4dYeZIQqewQ=="
    },
    "is-stream": {
      "version": "1.1.0",
      "resolved": "https://registry.npmjs.org/is-stream/-/is-stream-1.1.0.tgz",
      "integrity": "sha1-EtSj3U5o4Lec6428hBc66A2RykQ="
    },
    "lodash.sortby": {
      "version": "4.7.0",
      "resolved": "https://registry.npmjs.org/lodash.sortby/-/lodash.sortby-4.7.0.tgz",
      "integrity": "sha1-7dFMgk4sycHgsKG0K7UhBRakJDg="
    },
    "loglevel": {
      "version": "1.7.1",
      "resolved": "https://registry.npmjs.org/loglevel/-/loglevel-1.7.1.tgz",
      "integrity": "sha512-Hesni4s5UkWkwCGJMQGAh71PaLUmKFM60dHvq0zi/vDhhrzuk+4GgNbTXJ12YYQJn6ZKBDNIjYcuQGKudvqrIw=="
    },
    "long": {
      "version": "4.0.0",
      "resolved": "https://registry.npmjs.org/long/-/long-4.0.0.tgz",
      "integrity": "sha512-XsP+KhQif4bjX1kbuSiySJFNAehNxgLb6hPRGJ9QsUr8ajHkuXGdrHmFUTUUXhDwVX2R5bY4JNZEwbUiMhV+MA=="
    },
    "lru-cache": {
      "version": "6.0.0",
      "resolved": "https://registry.npmjs.org/lru-cache/-/lru-cache-6.0.0.tgz",
      "integrity": "sha512-Jo6dJ04CmSjuznwJSS3pUeWmd/H0ffTlkXXgwZi+eq1UCmqQwCh+eLsYOYCwY991i2Fah4h1BEMCx4qThGbsiA==",
      "requires": {
        "yallist": "^4.0.0"
      }
    },
    "media-typer": {
      "version": "0.3.0",
      "resolved": "https://registry.npmjs.org/media-typer/-/media-typer-0.3.0.tgz",
      "integrity": "sha1-hxDXrwqmJvj/+hzgAWhUUmMlV0g="
    },
    "micro": {
      "version": "9.3.4",
      "resolved": "https://registry.npmjs.org/micro/-/micro-9.3.4.tgz",
      "integrity": "sha512-smz9naZwTG7qaFnEZ2vn248YZq9XR+XoOH3auieZbkhDL4xLOxiE+KqG8qqnBeKfXA9c1uEFGCxPN1D+nT6N7w==",
      "requires": {
        "arg": "4.1.0",
        "content-type": "1.0.4",
        "is-stream": "1.1.0",
        "raw-body": "2.3.2"
      }
    },
    "micro-cors": {
      "version": "0.1.1",
      "resolved": "https://registry.npmjs.org/micro-cors/-/micro-cors-0.1.1.tgz",
      "integrity": "sha512-6WqIahA5sbQR1Gjexp1VuWGFDKbZZleJb/gy1khNGk18a6iN1FdTcr3Q8twaxkV5H94RjxIBjirYbWCehpMBFw=="
    },
    "mime-db": {
      "version": "1.50.0",
      "resolved": "https://registry.npmjs.org/mime-db/-/mime-db-1.50.0.tgz",
      "integrity": "sha512-9tMZCDlYHqeERXEHO9f/hKfNXhre5dK2eE/krIvUjZbS2KPcqGDfNShIWS1uW9XOTKQKqK6qbeOci18rbfW77A=="
    },
    "mime-types": {
      "version": "2.1.33",
      "resolved": "https://registry.npmjs.org/mime-types/-/mime-types-2.1.33.tgz",
      "integrity": "sha512-plLElXp7pRDd0bNZHw+nMd52vRYjLwQjygaNg7ddJ2uJtTlmnTCjWuPKxVu6//AdaRuME84SvLW91sIkBqGT0g==",
      "requires": {
        "mime-db": "1.50.0"
      }
    },
    "node-fetch": {
      "version": "2.6.5",
      "resolved": "https://registry.npmjs.org/node-fetch/-/node-fetch-2.6.5.tgz",
      "integrity": "sha512-mmlIVHJEu5rnIxgEgez6b9GgWXbkZj5YZ7fx+2r94a2E+Uirsp6HsPTPlomfdHtpt/B0cdKviwkoaM6pyvUOpQ==",
      "requires": {
        "whatwg-url": "^5.0.0"
      }
    },
    "raw-body": {
      "version": "2.3.2",
      "resolved": "https://registry.npmjs.org/raw-body/-/raw-body-2.3.2.tgz",
      "integrity": "sha1-vNYMd9Prk83gBQKVw/N5OJvIj4k=",
      "requires": {
        "bytes": "3.0.0",
        "http-errors": "1.6.2",
        "iconv-lite": "0.4.19",
        "unpipe": "1.0.0"
      }
    },
    "retry": {
      "version": "0.13.1",
      "resolved": "https://registry.npmjs.org/retry/-/retry-0.13.1.tgz",
      "integrity": "sha512-XQBQ3I8W1Cge0Seh+6gjj03LbmRFWuoszgK9ooCpwYIrhhoO80pfq4cUkU5DkknwfOfFteRwlZ56PYOGYyFWdg=="
    },
    "safe-buffer": {
      "version": "5.2.1",
      "resolved": "https://registry.npmjs.org/safe-buffer/-/safe-buffer-5.2.1.tgz",
      "integrity": "sha512-rp3So07KcdmmKbGvgaNxQSJr7bGVSVk5S9Eq1F+ppbRo70+YeaDxkw5Dd8NPN+GD6bjnYm2VuPuCXmpuYvmCXQ=="
    },
    "setprototypeof": {
      "version": "1.0.3",
      "resolved": "https://registry.npmjs.org/setprototypeof/-/setprototypeof-1.0.3.tgz",
      "integrity": "sha1-ZlZ+NwQ+608E2RvWWMDL77VbjgQ="
    },
    "sha.js": {
      "version": "2.4.11",
      "resolved": "https://registry.npmjs.org/sha.js/-/sha.js-2.4.11.tgz",
      "integrity": "sha512-QMEp5B7cftE7APOjk5Y6xgrbWu+WkLVQwk8JNjZ8nKRciZaByEW6MubieAiToS7+dwvrjGhH8jRXz3MVd0AYqQ==",
      "requires": {
        "inherits": "^2.0.1",
        "safe-buffer": "^5.0.1"
      }
    },
    "statuses": {
      "version": "1.5.0",
      "resolved": "https://registry.npmjs.org/statuses/-/statuses-1.5.0.tgz",
      "integrity": "sha1-Fhx9rBd2Wf2YEfQ3cfqZOBR4Yow="
    },
    "tr46": {
      "version": "0.0.3",
      "resolved": "https://registry.npmjs.org/tr46/-/tr46-0.0.3.tgz",
      "integrity": "sha1-gYT9NH2snNwYWZLzpmIuFLnZq2o="
    },
    "tslib": {
      "version": "2.3.1",
      "resolved": "https://registry.npmjs.org/tslib/-/tslib-2.3.1.tgz",
      "integrity": "sha512-77EbyPPpMz+FRFRuAFlWMtmgUWGe9UOG2Z25NqCwiIjRhOf5iKGuzSe5P2w1laq+FkRy4p+PCuVkJSGkzTEKVw=="
    },
    "type-is": {
      "version": "1.6.18",
      "resolved": "https://registry.npmjs.org/type-is/-/type-is-1.6.18.tgz",
      "integrity": "sha512-TkRKr9sUTxEH8MdfuCSP7VizJyzRNMjj2J2do2Jr3Kym598JVdEksuzPQCnlFPW4ky9Q+iA+ma9BGm06XQBy8g==",
      "requires": {
        "media-typer": "0.3.0",
        "mime-types": "~2.1.24"
      }
    },
    "unpipe": {
      "version": "1.0.0",
      "resolved": "https://registry.npmjs.org/unpipe/-/unpipe-1.0.0.tgz",
      "integrity": "sha1-sr9O6FFKrmFltIF4KdIbLvSZBOw="
    },
    "uuid": {
      "version": "8.3.2",
      "resolved": "https://registry.npmjs.org/uuid/-/uuid-8.3.2.tgz",
      "integrity": "sha512-+NYs2QeMWy+GWFOEm9xnn6HCDp0l7QBD7ml8zLUmJ+93Q5NF0NocErnwkTkXVFNiX3/fpC6afS8Dhb/gz7R7eg=="
    },
    "value-or-promise": {
      "version": "1.0.10",
      "resolved": "https://registry.npmjs.org/value-or-promise/-/value-or-promise-1.0.10.tgz",
      "integrity": "sha512-1OwTzvcfXkAfabk60UVr5NdjtjJ0Fg0T5+B1bhxtrOEwSH2fe8y4DnLgoksfCyd8yZCOQQHB0qLMQnwgCjbXLQ=="
    },
    "webidl-conversions": {
      "version": "3.0.1",
      "resolved": "https://registry.npmjs.org/webidl-conversions/-/webidl-conversions-3.0.1.tgz",
      "integrity": "sha1-JFNCdeKnvGvnvIZhHMFq4KVlSHE="
    },
    "whatwg-url": {
      "version": "5.0.0",
      "resolved": "https://registry.npmjs.org/whatwg-url/-/whatwg-url-5.0.0.tgz",
      "integrity": "sha1-lmRU6HZUYuN2RNNib2dCzotwll0=",
      "requires": {
        "tr46": "~0.0.3",
        "webidl-conversions": "^3.0.0"
      }
    },
    "xss": {
      "version": "1.0.10",
      "resolved": "https://registry.npmjs.org/xss/-/xss-1.0.10.tgz",
      "integrity": "sha512-qmoqrRksmzqSKvgqzN0055UFWY7OKx1/9JWeRswwEVX9fCG5jcYRxa/A2DHcmZX6VJvjzHRQ2STeeVcQkrmLSw==",
      "requires": {
        "commander": "^2.20.3",
        "cssfilter": "0.0.10"
      }
    },
    "yallist": {
      "version": "4.0.0",
      "resolved": "https://registry.npmjs.org/yallist/-/yallist-4.0.0.tgz",
      "integrity": "sha512-3wdGidZyq5PB084XLES5TpOSRA3wjXAlIWMhum2kRcv/41Sn2emQ0dycQW4uZXLejwKvg6EsvbdlVL+FYEct7A=="
    }
  }
}
